
Microsoft Visual Studio Solution File, Format Version 12.00
# Visual Studio Version 17
VisualStudioVersion = 17.6.33829.357
MinimumVisualStudioVersion = 10.0.40219.1
Project("{FAE04EC0-301F-11D3-BF4B-00C04F79EFBC}") = "Program№1(Овчарук_Шурдук)", "Program№1(Овчарук_Шурдук).csproj", "{C6BEE93B-430A-4F4B-B10C-87D6D3826D7F}"
EndProject
Global
	GlobalSection(SolutionConfigurationPlatforms) = preSolution
		Debug|Any CPU = Debug|Any CPU
		Release|Any CPU = Release|Any CPU
	EndGlobalSection
	GlobalSection(ProjectConfigurationPlatforms) = postSolution
		{C6BEE93B-430A-4F4B-B10C-87D6D3826D7F}.Debug|Any CPU.ActiveCfg = Debug|Any CPU
		{C6BEE93B-430A-4F4B-B10C-87D6D3826D7F}.Debug|Any CPU.Build.0 = Debug|Any CPU
		{C6BEE93B-430A-4F4B-B10C-87D6D3826D7F}.Release|Any CPU.ActiveCfg = Release|Any CPU
		{C6BEE93B-430A-4F4B-B10C-87D6D3826D7F}.Release|Any CPU.Build.0 = Release|Any CPU
	EndGlobalSection
	GlobalSection(SolutionProperties) = preSolution
		HideSolutionNode = FALSE
	EndGlobalSection
	GlobalSection(ExtensibilityGlobals) = postSolution
		SolutionGuid = {E5B659AD-6BE9-45F6-8DE6-338A4D507DE3}
	EndGlobalSection
EndGlobal
